
Microsoft Visual Studio Solution File, Format Version 12.00
# Visual Studio Version 17
VisualStudioVersion = 17.3.32825.248
MinimumVisualStudioVersion = 10.0.40219.1
Project("{FAE04EC0-301F-11D3-BF4B-00C04F79EFBC}") = "Monte Carlo", "Monte Carlo.csproj", "{AF4053E3-2327-487D-A1B0-C5FAE29EACB4}"
EndProject
Global
	GlobalSection(SolutionConfigurationPlatforms) = preSolution
		Debug|Any CPU = Debug|Any CPU
		Release|Any CPU = Release|Any CPU
	EndGlobalSection
	GlobalSection(ProjectConfigurationPlatforms) = postSolution
		{AF4053E3-2327-487D-A1B0-C5FAE29EACB4}.Debug|Any CPU.ActiveCfg = Debug|Any CPU
		{AF4053E3-2327-487D-A1B0-C5FAE29EACB4}.Debug|Any CPU.Build.0 = Debug|Any CPU
		{AF4053E3-2327-487D-A1B0-C5FAE29EACB4}.Release|Any CPU.ActiveCfg = Release|Any CPU
		{AF4053E3-2327-487D-A1B0-C5FAE29EACB4}.Release|Any CPU.Build.0 = Release|Any CPU
	EndGlobalSection
	GlobalSection(SolutionProperties) = preSolution
		HideSolutionNode = FALSE
	EndGlobalSection
	GlobalSection(ExtensibilityGlobals) = postSolution
		SolutionGuid = {DA5AE1D1-5E13-40F7-A7A0-CCC1591DC3F6}
	EndGlobalSection
EndGlobal
